lockfileVersion: 5.4

specifiers:
  dotenv: ^16.0.3

dependencies:
  dotenv: registry.npmmirror.com/dotenv/16.0.3

packages:

  registry.npmmirror.com/dotenv/16.0.3:
    resolution: {integrity: sha512-7GO6HghkA5fYG9TYnNxi14/7K9f5occMlp3zXAuSxn7CKCxt9xbNWG7yF8hTCSUchlfWSe3uLmlPfigevRItzQ==, registry: https://registry.npm.taobao.org/, tarball: https://registry.npmmirror.com/dotenv/-/dotenv-16.0.3.tgz}
    name: dotenv
    version: 16.0.3
    engines: {node: '>=12'}
    dev: false
